<?xml version="1.0" encoding="utf-8"?>
<Project ToolsVersion="4.0" xmlns="http://schemas.microsoft.com/developer/msbuild/2003">
  <ItemGroup>
    <Filter Include="소스 파일">
      <UniqueIdentifier>{4FC737F1-C7A5-4376-A066-2A32D752A2FF}</UniqueIdentifier>
      <Extensions>cpp;c;cc;cxx;c++;cppm;ixx;def;odl;idl;hpj;bat;asm;asmx</Extensions>
    </Filter>
    <Filter Include="헤더 파일">
      <UniqueIdentifier>{93995380-89BD-4b04-88EB-625FBE52EBFB}</UniqueIdentifier>
      <Extensions>h;hh;hpp;hxx;h++;hm;inl;inc;ipp;xsd</Extensions>
    </Filter>
    <Filter Include="리소스 파일">
      <UniqueIdentifier>{67DA6AB6-F800-4c08-8B7A-83BB121AAD01}</UniqueIdentifier>
      <Extensions>rc;ico;cur;bmp;dlg;rc2;rct;bin;rgs;gif;jpg;jpeg;jpe;resx;tiff;tif;png;wav;mfcribbon-ms</Extensions>
    </Filter>
    <Filter Include="소스 파일\NewFilter1">
      <UniqueIdentifier>{ed2526d0-b61e-4a83-aa8a-d27a93d412b8}</UniqueIdentifier>
    </Filter>
  </ItemGroup>
  <ItemGroup>
    <ClCompile Include="240419_MyFristProgram.cpp">
      <Filter>소스 파일</Filter>
    </ClCompile>
    <ClCompile Include="Prac_Input,Output.cpp">
      <Filter>소스 파일</Filter>
    </ClCompile>
    <ClCompile Include="Prac_main.cpp">
      <Filter>소스 파일</Filter>
    </ClCompile>
    <ClCompile Include="Prac_If%281%29.cpp">
      <Filter>소스 파일</Filter>
    </ClCompile>
    <ClCompile Include="Prac_If%282%29.cpp">
      <Filter>소스 파일</Filter>
    </ClCompile>
    <ClCompile Include="Prac_Switch.cpp">
      <Filter>소스 파일</Filter>
    </ClCompile>
    <ClCompile Include="Prac_ternary_operater.cpp">
      <Filter>소스 파일</Filter>
    </ClCompile>
    <ClCompile Include="Prac_multiplication_table%281%29.cpp">
      <Filter>소스 파일</Filter>
    </ClCompile>
    <ClCompile Include="Prac_multiplication_table%282%29.cpp">
      <Filter>소스 파일</Filter>
    </ClCompile>
    <ClCompile Include="Prac_sigma.cpp">
      <Filter>소스 파일</Filter>
    </ClCompile>
    <ClCompile Include="Prac_While%282%29.cpp">
      <Filter>소스 파일</Filter>
    </ClCompile>
    <ClCompile Include="Prac_While%281%29.cpp">
      <Filter>소스 파일</Filter>
    </ClCompile>
    <ClCompile Include="Prac_Input_sum.cpp">
      <Filter>소스 파일</Filter>
    </ClCompile>
    <ClCompile Include="Prac_Input_star.cpp">
      <Filter>소스 파일</Filter>
    </ClCompile>
    <ClCompile Include="Prac_func.cpp">
      <Filter>소스 파일</Filter>
    </ClCompile>
    <ClCompile Include="Prac_array.cpp">
      <Filter>소스 파일</Filter>
    </ClCompile>
    <ClCompile Include="Prac_multi_array.cpp">
      <Filter>소스 파일</Filter>
    </ClCompile>
    <ClCompile Include="Prac_Pointer.cpp">
      <Filter>소스 파일</Filter>
    </ClCompile>
    <ClCompile Include="Prac_dynamic_array.cpp">
      <Filter>소스 파일</Filter>
    </ClCompile>
    <ClCompile Include="Prac_2_dynamic_array%281%29.cpp.cpp">
      <Filter>소스 파일</Filter>
    </ClCompile>
    <ClCompile Include="Prac_vector%281%29.cpp">
      <Filter>소스 파일</Filter>
    </ClCompile>
    <ClCompile Include="Prac_check_time%28%29.cpp">
      <Filter>소스 파일</Filter>
    </ClCompile>
    <ClCompile Include="Prac_vector_test.cpp">
      <Filter>소스 파일</Filter>
    </ClCompile>
    <ClCompile Include="Prac_vector%282%29.cpp">
      <Filter>소스 파일</Filter>
    </ClCompile>
    <ClCompile Include="Prac_2_dynamic_array%282%29.cpp">
      <Filter>소스 파일</Filter>
    </ClCompile>
    <ClCompile Include="Prac_list.cpp">
      <Filter>소스 파일</Filter>
    </ClCompile>
    <ClCompile Include="Prac_string%281%29.cpp">
      <Filter>소스 파일</Filter>
    </ClCompile>
    <ClCompile Include="Prac_string%282%29.cpp">
      <Filter>소스 파일</Filter>
    </ClCompile>
    <ClCompile Include="Prac_string%283%29.cpp">
      <Filter>소스 파일</Filter>
    </ClCompile>
    <ClCompile Include="review.cpp">
      <Filter>소스 파일</Filter>
    </ClCompile>
    <ClCompile Include="Prac_review_file_namespace.cpp">
      <Filter>소스 파일</Filter>
    </ClCompile>
    <ClCompile Include="Prac_lotto.cpp">
      <Filter>소스 파일</Filter>
    </ClCompile>
    <ClCompile Include="Prac_fstream%281%29.cpp">
      <Filter>소스 파일</Filter>
    </ClCompile>
    <ClCompile Include="Prac_fstream%282%29.cpp">
      <Filter>소스 파일</Filter>
    </ClCompile>
    <ClCompile Include="Prac_fstream%283%29.cpp">
      <Filter>소스 파일</Filter>
    </ClCompile>
    <ClCompile Include="Prac_fstream%284%29.cpp">
      <Filter>소스 파일</Filter>
    </ClCompile>
    <ClCompile Include="Prac_class_naming.cpp">
      <Filter>소스 파일</Filter>
    </ClCompile>
    <ClCompile Include="Prac_struct_Ex.cpp">
      <Filter>소스 파일</Filter>
    </ClCompile>
    <ClCompile Include="User_info.cpp">
      <Filter>소스 파일</Filter>
    </ClCompile>
    <ClCompile Include="Account_service.cpp">
      <Filter>소스 파일</Filter>
    </ClCompile>
    <ClCompile Include="Prac_class_Rectangle.cpp">
      <Filter>소스 파일</Filter>
    </ClCompile>
    <ClCompile Include="Prac_getter &amp; setter.cpp">
      <Filter>소스 파일</Filter>
    </ClCompile>
    <ClCompile Include="Prac_class_Charater.cpp">
      <Filter>소스 파일</Filter>
    </ClCompile>
    <ClCompile Include="Character.cpp">
      <Filter>소스 파일</Filter>
    </ClCompile>
    <ClCompile Include="..\..\..\..\Downloads\Login_Func_john\03_pw_check_john.cpp">
      <Filter>소스 파일</Filter>
    </ClCompile>
    <ClCompile Include="..\..\..\..\Downloads\Login_Func_john\Login_Func.cpp">
      <Filter>소스 파일</Filter>
    </ClCompile>
    <ClCompile Include="Prac_instance_overiding,overloading.cpp">
      <Filter>소스 파일</Filter>
    </ClCompile>
    <ClCompile Include="Prac_Polymorphism.cpp">
      <Filter>소스 파일</Filter>
    </ClCompile>
    <ClCompile Include="Prac_up&amp;down_casting.cpp">
      <Filter>소스 파일</Filter>
    </ClCompile>
    <ClCompile Include="Prac_virtual_func.cpp">
      <Filter>소스 파일</Filter>
    </ClCompile>
    <ClCompile Include="Prac_static.cpp">
      <Filter>소스 파일</Filter>
    </ClCompile>
  </ItemGroup>
  <ItemGroup>
    <ClInclude Include="Prac_review.h">
      <Filter>헤더 파일</Filter>
    </ClInclude>
    <ClInclude Include="Account_service.h">
      <Filter>헤더 파일</Filter>
    </ClInclude>
    <ClInclude Include="User_info.h">
      <Filter>헤더 파일</Filter>
    </ClInclude>
    <ClInclude Include="Bank_info.h">
      <Filter>헤더 파일</Filter>
    </ClInclude>
    <ClInclude Include="Character.h">
      <Filter>헤더 파일</Filter>
    </ClInclude>
    <ClInclude Include="..\..\..\..\Downloads\Login_Func_john\Login_Func.h">
      <Filter>헤더 파일</Filter>
    </ClInclude>
  </ItemGroup>
</Project>